{
  "requires": true,
  "lockfileVersion": 1,
  "dependencies": {
    "@angular/core": {
      "version": "9.0.2",
      "resolved": "https://registry.npmjs.org/@angular/core/-/core-9.0.2.tgz",
      "integrity": "sha512-ccVPR6RZo2s9O9phO0TJ60QZ0WA7qfUMzo0xnpBW0XGcbTzLEn9upvs+0PX64f9UpnHz/MQo0wsqYvTLuoz7Yw=="
    },
    "@angular/service-worker": {
      "version": "9.0.2",
      "resolved": "https://registry.npmjs.org/@angular/service-worker/-/service-worker-9.0.2.tgz",
      "integrity": "sha512-IDC9DNoLwv23UGcWil7ppF7cxjooFthBq7OBUnqAv2fRTovNjvqhwsNYGL+pBLiBmEUwmuw3UGV0DgUJzdiguw=="
    },
    "rxjs": {
      "version": "6.5.4",
      "resolved": "https://registry.npmjs.org/rxjs/-/rxjs-6.5.4.tgz",
      "integrity": "sha512-naMQXcgEo3csAEGvw/NydRA0fuS2nDZJiw1YUWFKU7aPPAPGZEsD4Iimit96qwCieH6y614MCLYwdkrWx7z/7Q==",
      "requires": {
        "tslib": "^1.9.0"
      }
    },
    "tslib": {
      "version": "1.11.0",
      "resolved": "https://registry.npmjs.org/tslib/-/tslib-1.11.0.tgz",
      "integrity": "sha512-BmndXUtiTn/VDDrJzQE7Mm22Ix3PxgLltW9bSNLoeCY31gnG2OPx0QqJnuc9oMIKioYrz487i6K9o4Pdn0j+Kg=="
    }
  }
}
